
Microsoft Visual Studio Solution File, Format Version 12.00
# Visual Studio 15
VisualStudioVersion = 15.0.28010.2003
MinimumVisualStudioVersion = 10.0.40219.1
Project("{FAE04EC0-301F-11D3-BF4B-00C04F79EFBC}") = "Week1_lab1", "Week1_lab1\Week1_lab1.csproj", "{1CE2B84B-30D1-4106-A6F0-1C3119C4C9B7}"
EndProject
Global
	GlobalSection(SolutionConfigurationPlatforms) = preSolution
		Debug|x86 = Debug|x86
		Release|x86 = Release|x86
	EndGlobalSection
	GlobalSection(ProjectConfigurationPlatforms) = postSolution
		{1CE2B84B-30D1-4106-A6F0-1C3119C4C9B7}.Debug|x86.ActiveCfg = Debug|x86
		{1CE2B84B-30D1-4106-A6F0-1C3119C4C9B7}.Debug|x86.Build.0 = Debug|x86
		{1CE2B84B-30D1-4106-A6F0-1C3119C4C9B7}.Release|x86.ActiveCfg = Release|x86
		{1CE2B84B-30D1-4106-A6F0-1C3119C4C9B7}.Release|x86.Build.0 = Release|x86
	EndGlobalSection
	GlobalSection(SolutionProperties) = preSolution
		HideSolutionNode = FALSE
	EndGlobalSection
	GlobalSection(ExtensibilityGlobals) = postSolution
		SolutionGuid = {B0664492-AEE0-4549-9792-C3F0B66D2BCC}
	EndGlobalSection
EndGlobal
